[[package]]
category = "main"
description = "Design Pattern Templates for Python"
name = "pypattyrn"
optional = false
python-versions = "*"
version = "1.2"

[metadata]
content-hash = "d5eb11477a44552c345291ad356aacbf501e61a20d7a9a555a70907a25ff4f64"
python-versions = "^3.8"

[metadata.files]
pypattyrn = [
    {file = "pypattyrn-1.2.zip", hash = "sha256:0c3db0d13ad138649795606fa8847e673bf24a2b4d7daf79e46e44516e311a5a"},
]
